// !$*UTF8*$!
{
	archiveVersion = 1;
	classes = {
	};
	objectVersion = 46;
	objects = {

/* Begin PBXBuildFile section */
		4E0E850E1DDF609A0011623D /* ReceiptParser.swift in Sources */ = {isa = PBXBuildFile; fileRef = 4E0E850D1DDF609A0011623D /* ReceiptParser.swift */; };
		4E0E850F1DE051660011623D /* ReceiptParser.swift in Sources */ = {isa = PBXBuildFile; fileRef = 4E0E850D1DDF609A0011623D /* ReceiptParser.swift */; };
		4E0E85101DE051690011623D /* Receipt.swift in Sources */ = {isa = PBXBuildFile; fileRef = 4EF0AC701DD8B0B000B82892 /* Receipt.swift */; };
		4E0E85111DE056D20011623D /* BPRegex.swift in Sources */ = {isa = PBXBuildFile; fileRef = 4EF0AC6E1DD8AB2300B82892 /* BPRegex.swift */; };
		4E3084F31DED93B9001FD083 /* ReceiptTableViewCell.swift in Sources */ = {isa = PBXBuildFile; fileRef = 4E3084F21DED93B9001FD083 /* ReceiptTableViewCell.swift */; };
		4E86E87A1DD47DDF00A4A307 /* AppDelegate.swift in Sources */ = {isa = PBXBuildFile; fileRef = 4E86E8791DD47DDF00A4A307 /* AppDelegate.swift */; };
		4E86E87C1DD47DDF00A4A307 /* ViewController.swift in Sources */ = {isa = PBXBuildFile; fileRef = 4E86E87B1DD47DDF00A4A307 /* ViewController.swift */; };
		4E86E87F1DD47DDF00A4A307 /* Main.storyboard in Resources */ = {isa = PBXBuildFile; fileRef = 4E86E87D1DD47DDF00A4A307 /* Main.storyboard */; };
		4E86E8821DD47DDF00A4A307 /* Benepicker.xcdatamodeld in Sources */ = {isa = PBXBuildFile; fileRef = 4E86E8801DD47DDF00A4A307 /* Benepicker.xcdatamodeld */; };
		4E86E8841DD47DDF00A4A307 /* Assets.xcassets in Resources */ = {isa = PBXBuildFile; fileRef = 4E86E8831DD47DDF00A4A307 /* Assets.xcassets */; };
		4E86E8871DD47DDF00A4A307 /* LaunchScreen.storyboard in Resources */ = {isa = PBXBuildFile; fileRef = 4E86E8851DD47DDF00A4A307 /* LaunchScreen.storyboard */; };
		4E86E8921DD47DDF00A4A307 /* BenepickerTests.swift in Sources */ = {isa = PBXBuildFile; fileRef = 4E86E8911DD47DDF00A4A307 /* BenepickerTests.swift */; };
		4E86E89D1DD47DDF00A4A307 /* BenepickerUITests.swift in Sources */ = {isa = PBXBuildFile; fileRef = 4E86E89C1DD47DDF00A4A307 /* BenepickerUITests.swift */; };
		4EF0AC6F1DD8AB2300B82892 /* BPRegex.swift in Sources */ = {isa = PBXBuildFile; fileRef = 4EF0AC6E1DD8AB2300B82892 /* BPRegex.swift */; };
		4EF0AC711DD8B0B000B82892 /* Receipt.swift in Sources */ = {isa = PBXBuildFile; fileRef = 4EF0AC701DD8B0B000B82892 /* Receipt.swift */; };
/* End PBXBuildFile section */

/* Begin PBXContainerItemProxy section */
		4E86E88E1DD47DDF00A4A307 /* PBXContainerItemProxy */ = {
			isa = PBXContainerItemProxy;
			containerPortal = 4E86E86E1DD47DDF00A4A307 /* Project object */;
			proxyType = 1;
			remoteGlobalIDString = 4E86E8751DD47DDF00A4A307;
			remoteInfo = Benepicker;
		};
		4E86E8991DD47DDF00A4A307 /* PBXContainerItemProxy */ = {
			isa = PBXContainerItemProxy;
			containerPortal = 4E86E86E1DD47DDF00A4A307 /* Project object */;
			proxyType = 1;
			remoteGlobalIDString = 4E86E8751DD47DDF00A4A307;
			remoteInfo = Benepicker;
		};
/* End PBXContainerItemProxy section */

/* Begin PBXFileReference section */
		4E0E850D1DDF609A0011623D /* ReceiptParser.swift */ = {isa = PBXFileReference; fileEncoding = 4; lastKnownFileType = sourcecode.swift; path = ReceiptParser.swift; sourceTree = "<group>"; };
		4E3084F21DED93B9001FD083 /* ReceiptTableViewCell.swift */ = {isa = PBXFileReference; fileEncoding = 4; lastKnownFileType = sourcecode.swift; path = ReceiptTableViewCell.swift; sourceTree = "<group>"; };
		4E86E8761DD47DDF00A4A307 /* Benepicker.app */ = {isa = PBXFileReference; explicitFileType = wrapper.application; includeInIndex = 0; path = Benepicker.app; sourceTree = BUILT_PRODUCTS_DIR; };
		4E86E8791DD47DDF00A4A307 /* AppDelegate.swift */ = {isa = PBXFileReference; lastKnownFileType = sourcecode.swift; path = AppDelegate.swift; sourceTree = "<group>"; };
		4E86E87B1DD47DDF00A4A307 /* ViewController.swift */ = {isa = PBXFileReference; lastKnownFileType = sourcecode.swift; path = ViewController.swift; sourceTree = "<group>"; };
		4E86E87E1DD47DDF00A4A307 /* Base */ = {isa = PBXFileReference; lastKnownFileType = file.storyboard; name = Base; path = Base.lproj/Main.storyboard; sourceTree = "<group>"; };
		4E86E8811DD47DDF00A4A307 /* Benepicker.xcdatamodel */ = {isa = PBXFileReference; lastKnownFileType = wrapper.xcdatamodel; path = Benepicker.xcdatamodel; sourceTree = "<group>"; };
		4E86E8831DD47DDF00A4A307 /* Assets.xcassets */ = {isa = PBXFileReference; lastKnownFileType = folder.assetcatalog; path = Assets.xcassets; sourceTree = "<group>"; };
		4E86E8861DD47DDF00A4A307 /* Base */ = {isa = PBXFileReference; lastKnownFileType = file.storyboard; name = Base; path = Base.lproj/LaunchScreen.storyboard; sourceTree = "<group>"; };
		4E86E8881DD47DDF00A4A307 /* Info.plist */ = {isa = PBXFileReference; lastKnownFileType = text.plist.xml; path = Info.plist; sourceTree = "<group>"; };
		4E86E88D1DD47DDF00A4A307 /* BenepickerTests.xctest */ = {isa = PBXFileReference; explicitFileType = wrapper.cfbundle; includeInIndex = 0; path = BenepickerTests.xctest; sourceTree = BUILT_PRODUCTS_DIR; };
		4E86E8911DD47DDF00A4A307 /* BenepickerTests.swift */ = {isa = PBXFileReference; lastKnownFileType = sourcecode.swift; path = BenepickerTests.swift; sourceTree = "<group>"; };
		4E86E8931DD47DDF00A4A307 /* Info.plist */ = {isa = PBXFileReference; lastKnownFileType = text.plist.xml; path = Info.plist; sourceTree = "<group>"; };
		4E86E8981DD47DDF00A4A307 /* BenepickerUITests.xctest */ = {isa = PBXFileReference; explicitFileType = wrapper.cfbundle; includeInIndex = 0; path = BenepickerUITests.xctest; sourceTree = BUILT_PRODUCTS_DIR; };
		4E86E89C1DD47DDF00A4A307 /* BenepickerUITests.swift */ = {isa = PBXFileReference; lastKnownFileType = sourcecode.swift; path = BenepickerUITests.swift; sourceTree = "<group>"; };
		4E86E89E1DD47DDF00A4A307 /* Info.plist */ = {isa = PBXFileReference; lastKnownFileType = text.plist.xml; path = Info.plist; sourceTree = "<group>"; };
		4EF0AC6E1DD8AB2300B82892 /* BPRegex.swift */ = {isa = PBXFileReference; fileEncoding = 4; lastKnownFileType = sourcecode.swift; path = BPRegex.swift; sourceTree = "<group>"; };
		4EF0AC701DD8B0B000B82892 /* Receipt.swift */ = {isa = PBXFileReference; fileEncoding = 4; lastKnownFileType = sourcecode.swift; path = Receipt.swift; sourceTree = "<group>"; };
/* End PBXFileReference section */

/* Begin PBXFrameworksBuildPhase section */
		4E86E8731DD47DDF00A4A307 /* Frameworks */ = {
			isa = PBXFrameworksBuildPhase;
			buildActionMask = 2147483647;
			files = (
			);
			runOnlyForDeploymentPostprocessing = 0;
		};
		4E86E88A1DD47DDF00A4A307 /* Frameworks */ = {
			isa = PBXFrameworksBuildPhase;
			buildActionMask = 2147483647;
			files = (
			);
			runOnlyForDeploymentPostprocessing = 0;
		};
		4E86E8951DD47DDF00A4A307 /* Frameworks */ = {
			isa = PBXFrameworksBuildPhase;
			buildActionMask = 2147483647;
			files = (
			);
			runOnlyForDeploymentPostprocessing = 0;
		};
/* End PBXFrameworksBuildPhase section */

/* Begin PBXGroup section */
		4E86E86D1DD47DDF00A4A307 = {
			isa = PBXGroup;
			children = (
				4E86E8781DD47DDF00A4A307 /* Benepicker */,
				4E86E8901DD47DDF00A4A307 /* BenepickerTests */,
				4E86E89B1DD47DDF00A4A307 /* BenepickerUITests */,
				4E86E8771DD47DDF00A4A307 /* Products */,
			);
			sourceTree = "<group>";
		};
		4E86E8771DD47DDF00A4A307 /* Products */ = {
			isa = PBXGroup;
			children = (
				4E86E8761DD47DDF00A4A307 /* Benepicker.app */,
				4E86E88D1DD47DDF00A4A307 /* BenepickerTests.xctest */,
				4E86E8981DD47DDF00A4A307 /* BenepickerUITests.xctest */,
			);
			name = Products;
			sourceTree = "<group>";
		};
		4E86E8781DD47DDF00A4A307 /* Benepicker */ = {
			isa = PBXGroup;
			children = (
				4E86E8791DD47DDF00A4A307 /* AppDelegate.swift */,
				4E86E87B1DD47DDF00A4A307 /* ViewController.swift */,
				4E3084F21DED93B9001FD083 /* ReceiptTableViewCell.swift */,
				4EF0AC701DD8B0B000B82892 /* Receipt.swift */,
				4E0E850D1DDF609A0011623D /* ReceiptParser.swift */,
				4EF0AC6E1DD8AB2300B82892 /* BPRegex.swift */,
				4E86E87D1DD47DDF00A4A307 /* Main.storyboard */,
				4E86E8831DD47DDF00A4A307 /* Assets.xcassets */,
				4E86E8851DD47DDF00A4A307 /* LaunchScreen.storyboard */,
				4E86E8881DD47DDF00A4A307 /* Info.plist */,
				4E86E8801DD47DDF00A4A307 /* Benepicker.xcdatamodeld */,
			);
			path = Benepicker;
			sourceTree = "<group>";
		};
		4E86E8901DD47DDF00A4A307 /* BenepickerTests */ = {
			isa = PBXGroup;
			children = (
				4E86E8911DD47DDF00A4A307 /* BenepickerTests.swift */,
				4E86E8931DD47DDF00A4A307 /* Info.plist */,
			);
			path = BenepickerTests;
			sourceTree = "<group>";
		};
		4E86E89B1DD47DDF00A4A307 /* BenepickerUITests */ = {
			isa = PBXGroup;
			children = (
				4E86E89C1DD47DDF00A4A307 /* BenepickerUITests.swift */,
				4E86E89E1DD47DDF00A4A307 /* Info.plist */,
			);
			path = BenepickerUITests;
			sourceTree = "<group>";
		};
/* End PBXGroup section */

/* Begin PBXNativeTarget section */
		4E86E8751DD47DDF00A4A307 /* Benepicker */ = {
			isa = PBXNativeTarget;
			buildConfigurationList = 4E86E8A11DD47DDF00A4A307 /* Build configuration list for PBXNativeTarget "Benepicker" */;
			buildPhases = (
				4E86E8721DD47DDF00A4A307 /* Sources */,
				4E86E8731DD47DDF00A4A307 /* Frameworks */,
				4E86E8741DD47DDF00A4A307 /* Resources */,
			);
			buildRules = (
			);
			dependencies = (
			);
			name = Benepicker;
			productName = Benepicker;
			productReference = 4E86E8761DD47DDF00A4A307 /* Benepicker.app */;
			productType = "com.apple.product-type.application";
		};
		4E86E88C1DD47DDF00A4A307 /* BenepickerTests */ = {
			isa = PBXNativeTarget;
			buildConfigurationList = 4E86E8A41DD47DDF00A4A307 /* Build configuration list for PBXNativeTarget "BenepickerTests" */;
			buildPhases = (
				4E86E8891DD47DDF00A4A307 /* Sources */,
				4E86E88A1DD47DDF00A4A307 /* Frameworks */,
				4E86E88B1DD47DDF00A4A307 /* Resources */,
			);
			buildRules = (
			);
			dependencies = (
				4E86E88F1DD47DDF00A4A307 /* PBXTargetDependency */,
			);
			name = BenepickerTests;
			productName = BenepickerTests;
			productReference = 4E86E88D1DD47DDF00A4A307 /* BenepickerTests.xctest */;
			productType = "com.apple.product-type.bundle.unit-test";
		};
		4E86E8971DD47DDF00A4A307 /* BenepickerUITests */ = {
			isa = PBXNativeTarget;
			buildConfigurationList = 4E86E8A71DD47DDF00A4A307 /* Build configuration list for PBXNativeTarget "BenepickerUITests" */;
			buildPhases = (
				4E86E8941DD47DDF00A4A307 /* Sources */,
				4E86E8951DD47DDF00A4A307 /* Frameworks */,
				4E86E8961DD47DDF00A4A307 /* Resources */,
			);
			buildRules = (
			);
			dependencies = (
				4E86E89A1DD47DDF00A4A307 /* PBXTargetDependency */,
			);
			name = BenepickerUITests;
			productName = BenepickerUITests;
			productReference = 4E86E8981DD47DDF00A4A307 /* BenepickerUITests.xctest */;
			productType = "com.apple.product-type.bundle.ui-testing";
		};
/* End PBXNativeTarget section */

/* Begin PBXProject section */
		4E86E86E1DD47DDF00A4A307 /* Project object */ = {
			isa = PBXProject;
			attributes = {
				LastSwiftUpdateCheck = 0810;
				LastUpgradeCheck = 0810;
				ORGANIZATIONNAME = closer27;
				TargetAttributes = {
					4E86E8751DD47DDF00A4A307 = {
						CreatedOnToolsVersion = 8.1;
						DevelopmentTeam = E5KH6XGE5T;
						ProvisioningStyle = Automatic;
					};
					4E86E88C1DD47DDF00A4A307 = {
						CreatedOnToolsVersion = 8.1;
						DevelopmentTeam = E5KH6XGE5T;
						ProvisioningStyle = Automatic;
						TestTargetID = 4E86E8751DD47DDF00A4A307;
					};
					4E86E8971DD47DDF00A4A307 = {
						CreatedOnToolsVersion = 8.1;
						DevelopmentTeam = E5KH6XGE5T;
						ProvisioningStyle = Automatic;
						TestTargetID = 4E86E8751DD47DDF00A4A307;
					};
				};
			};
			buildConfigurationList = 4E86E8711DD47DDF00A4A307 /* Build configuration list for PBXProject "Benepicker" */;
			compatibilityVersion = "Xcode 3.2";
			developmentRegion = English;
			hasScannedForEncodings = 0;
			knownRegions = (
				en,
				Base,
			);
			mainGroup = 4E86E86D1DD47DDF00A4A307;
			productRefGroup = 4E86E8771DD47DDF00A4A307 /* Products */;
			projectDirPath = "";
			projectRoot = "";
			targets = (
				4E86E8751DD47DDF00A4A307 /* Benepicker */,
				4E86E88C1DD47DDF00A4A307 /* BenepickerTests */,
				4E86E8971DD47DDF00A4A307 /* BenepickerUITests */,
			);
		};
/* End PBXProject section */

/* Begin PBXResourcesBuildPhase section */
		4E86E8741DD47DDF00A4A307 /* Resources */ = {
			isa = PBXResourcesBuildPhase;
			buildActionMask = 2147483647;
			files = (
				4E86E8871DD47DDF00A4A307 /* LaunchScreen.storyboard in Resources */,
				4E86E8841DD47DDF00A4A307 /* Assets.xcassets in Resources */,
				4E86E87F1DD47DDF00A4A307 /* Main.storyboard in Resources */,
			);
			runOnlyForDeploymentPostprocessing = 0;
		};
		4E86E88B1DD47DDF00A4A307 /* Resources */ = {
			isa = PBXResourcesBuildPhase;
			buildActionMask = 2147483647;
			files = (
			);
			runOnlyForDeploymentPostprocessing = 0;
		};
		4E86E8961DD47DDF00A4A307 /* Resources */ = {
			isa = PBXResourcesBuildPhase;
			buildActionMask = 2147483647;
			files = (
			);
			runOnlyForDeploymentPostprocessing = 0;
		};
/* End PBXResourcesBuildPhase section */

/* Begin PBXSourcesBuildPhase section */
		4E86E8721DD47DDF00A4A307 /* Sources */ = {
			isa = PBXSourcesBuildPhase;
			buildActionMask = 2147483647;
			files = (
				4EF0AC711DD8B0B000B82892 /* Receipt.swift in Sources */,
				4E86E87C1DD47DDF00A4A307 /* ViewController.swift in Sources */,
				4EF0AC6F1DD8AB2300B82892 /* BPRegex.swift in Sources */,
				4E0E850E1DDF609A0011623D /* ReceiptParser.swift in Sources */,
				4E3084F31DED93B9001FD083 /* ReceiptTableViewCell.swift in Sources */,
				4E86E87A1DD47DDF00A4A307 /* AppDelegate.swift in Sources */,
				4E86E8821DD47DDF00A4A307 /* Benepicker.xcdatamodeld in Sources */,
			);
			runOnlyForDeploymentPostprocessing = 0;
		};
		4E86E8891DD47DDF00A4A307 /* Sources */ = {
			isa = PBXSourcesBuildPhase;
			buildActionMask = 2147483647;
			files = (
				4E0E85101DE051690011623D /* Receipt.swift in Sources */,
				4E0E85111DE056D20011623D /* BPRegex.swift in Sources */,
				4E86E8921DD47DDF00A4A307 /* BenepickerTests.swift in Sources */,
				4E0E850F1DE051660011623D /* ReceiptParser.swift in Sources */,
			);
			runOnlyForDeploymentPostprocessing = 0;
		};
		4E86E8941DD47DDF00A4A307 /* Sources */ = {
			isa = PBXSourcesBuildPhase;
			buildActionMask = 2147483647;
			files = (
				4E86E89D1DD47DDF00A4A307 /* BenepickerUITests.swift in Sources */,
			);
			runOnlyForDeploymentPostprocessing = 0;
		};
/* End PBXSourcesBuildPhase section */

/* Begin PBXTargetDependency section */
		4E86E88F1DD47DDF00A4A307 /* PBXTargetDependency */ = {
			isa = PBXTargetDependency;
			target = 4E86E8751DD47DDF00A4A307 /* Benepicker */;
			targetProxy = 4E86E88E1DD47DDF00A4A307 /* PBXContainerItemProxy */;
		};
		4E86E89A1DD47DDF00A4A307 /* PBXTargetDependency */ = {
			isa = PBXTargetDependency;
			target = 4E86E8751DD47DDF00A4A307 /* Benepicker */;
			targetProxy = 4E86E8991DD47DDF00A4A307 /* PBXContainerItemProxy */;
		};
/* End PBXTargetDependency section */

/* Begin PBXVariantGroup section */
		4E86E87D1DD47DDF00A4A307 /* Main.storyboard */ = {
			isa = PBXVariantGroup;
			children = (
				4E86E87E1DD47DDF00A4A307 /* Base */,
			);
			name = Main.storyboard;
			sourceTree = "<group>";
		};
		4E86E8851DD47DDF00A4A307 /* LaunchScreen.storyboard */ = {
			isa = PBXVariantGroup;
			children = (
				4E86E8861DD47DDF00A4A307 /* Base */,
			);
			name = LaunchScreen.storyboard;
			sourceTree = "<group>";
		};
/* End PBXVariantGroup section */

/* Begin XCBuildConfiguration section */
		4E86E89F1DD47DDF00A4A307 /* Debug */ = {
			isa = XCBuildConfiguration;
			buildSettings = {
				ALWAYS_SEARCH_USER_PATHS = NO;
				CLANG_ANALYZER_NONNULL = YES;
				CLANG_CXX_LANGUAGE_STANDARD = "gnu++0x";
				CLANG_CXX_LIBRARY = "libc++";
				CLANG_ENABLE_MODULES = YES;
				CLANG_ENABLE_OBJC_ARC = YES;
				CLANG_WARN_BOOL_CONVERSION = YES;
				CLANG_WARN_CONSTANT_CONVERSION = YES;
				CLANG_WARN_DIRECT_OBJC_ISA_USAGE = YES_ERROR;
				CLANG_WARN_DOCUMENTATION_COMMENTS = YES;
				CLANG_WARN_EMPTY_BODY = YES;
				CLANG_WARN_ENUM_CONVERSION = YES;
				CLANG_WARN_INFINITE_RECURSION = YES;
				CLANG_WARN_INT_CONVERSION = YES;
				CLANG_WARN_OBJC_ROOT_CLASS = YES_ERROR;
				CLANG_WARN_SUSPICIOUS_MOVES = YES;
				CLANG_WARN_UNREACHABLE_CODE = YES;
				CLANG_WARN__DUPLICATE_METHOD_MATCH = YES;
				"CODE_SIGN_IDENTITY[sdk=iphoneos*]" = "iPhone Developer";
				COPY_PHASE_STRIP = NO;
				DEBUG_INFORMATION_FORMAT = dwarf;
				ENABLE_STRICT_OBJC_MSGSEND = YES;
				ENABLE_TESTABILITY = YES;
				GCC_C_LANGUAGE_STANDARD = gnu99;
				GCC_DYNAMIC_NO_PIC = NO;
				GCC_NO_COMMON_BLOCKS = YES;
				GCC_OPTIMIZATION_LEVEL = 0;
				GCC_PREPROCESSOR_DEFINITIONS = (
					"DEBUG=1",
					"$(inherited)",
				);
				GCC_WARN_64_TO_32_BIT_CONVERSION = YES;
				GCC_WARN_ABOUT_RETURN_TYPE = YES_ERROR;
				GCC_WARN_UNDECLARED_SELECTOR = YES;
				GCC_WARN_UNINITIALIZED_AUTOS = YES_AGGRESSIVE;
				GCC_WARN_UNUSED_FUNCTION = YES;
				GCC_WARN_UNUSED_VARIABLE = YES;
				IPHONEOS_DEPLOYMENT_TARGET = 10.1;
				MTL_ENABLE_DEBUG_INFO = YES;
				ONLY_ACTIVE_ARCH = YES;
				SDKROOT = iphoneos;
				SWIFT_ACTIVE_COMPILATION_CONDITIONS = DEBUG;
				SWIFT_OPTIMIZATION_LEVEL = "-Onone";
			};
			name = Debug;
		};
		4E86E8A01DD47DDF00A4A307 /* Release */ = {
			isa = XCBuildConfiguration;
			buildSettings = {
				ALWAYS_SEARCH_USER_PATHS = NO;
				CLANG_ANALYZER_NONNULL = YES;
				CLANG_CXX_LANGUAGE_STANDARD = "gnu++0x";
				CLANG_CXX_LIBRARY = "libc++";
				CLANG_ENABLE_MODULES = YES;
				CLANG_ENABLE_OBJC_ARC = YES;
				CLANG_WARN_BOOL_CONVERSION = YES;
				CLANG_WARN_CONSTANT_CONVERSION = YES;
				CLANG_WARN_DIRECT_OBJC_ISA_USAGE = YES_ERROR;
				CLANG_WARN_DOCUMENTATION_COMMENTS = YES;
				CLANG_WARN_EMPTY_BODY = YES;
				CLANG_WARN_ENUM_CONVERSION = YES;
				CLANG_WARN_INFINITE_RECURSION = YES;
				CLANG_WARN_INT_CONVERSION = YES;
				CLANG_WARN_OBJC_ROOT_CLASS = YES_ERROR;
				CLANG_WARN_SUSPICIOUS_MOVES = YES;
				CLANG_WARN_UNREACHABLE_CODE = YES;
				CLANG_WARN__DUPLICATE_METHOD_MATCH = YES;
				"CODE_SIGN_IDENTITY[sdk=iphoneos*]" = "iPhone Developer";
				COPY_PHASE_STRIP = NO;
				DEBUG_INFORMATION_FORMAT = "dwarf-with-dsym";
				ENABLE_NS_ASSERTIONS = NO;
				ENABLE_STRICT_OBJC_MSGSEND = YES;
				GCC_C_LANGUAGE_STANDARD = gnu99;
				GCC_NO_COMMON_BLOCKS = YES;
				GCC_WARN_64_TO_32_BIT_CONVERSION = YES;
				GCC_WARN_ABOUT_RETURN_TYPE = YES_ERROR;
				GCC_WARN_UNDECLARED_SELECTOR = YES;
				GCC_WARN_UNINITIALIZED_AUTOS = YES_AGGRESSIVE;
				GCC_WARN_UNUSED_FUNCTION = YES;
				GCC_WARN_UNUSED_VARIABLE = YES;
				IPHONEOS_DEPLOYMENT_TARGET = 10.1;
				MTL_ENABLE_DEBUG_INFO = NO;
				SDKROOT = iphoneos;
				SWIFT_OPTIMIZATION_LEVEL = "-Owholemodule";
				VALIDATE_PRODUCT = YES;
			};
			name = Release;
		};
		4E86E8A21DD47DDF00A4A307 /* Debug */ = {
			isa = XCBuildConfiguration;
			buildSettings = {
				ASSETCATALOG_COMPILER_APPICON_NAME = AppIcon;
				DEVELOPMENT_TEAM = E5KH6XGE5T;
				INFOPLIST_FILE = Benepicker/Info.plist;
				LD_RUNPATH_SEARCH_PATHS = "$(inherited) @executable_path/Frameworks";
				PRODUCT_BUNDLE_IDENTIFIER = com.closer27.Benepicker;
				PRODUCT_NAME = "$(TARGET_NAME)";
				SWIFT_VERSION = 3.0;
			};
			name = Debug;
		};
		4E86E8A31DD47DDF00A4A307 /* Release */ = {
			isa = XCBuildConfiguration;
			buildSettings = {
				ASSETCATALOG_COMPILER_APPICON_NAME = AppIcon;
				DEVELOPMENT_TEAM = E5KH6XGE5T;
				INFOPLIST_FILE = Benepicker/Info.plist;
				LD_RUNPATH_SEARCH_PATHS = "$(inherited) @executable_path/Frameworks";
				PRODUCT_BUNDLE_IDENTIFIER = com.closer27.Benepicker;
				PRODUCT_NAME = "$(TARGET_NAME)";
				SWIFT_VERSION = 3.0;
			};
			name = Release;
		};
		4E86E8A51DD47DDF00A4A307 /* Debug */ = {
			isa = XCBuildConfiguration;
			buildSettings = {
				ALWAYS_EMBED_SWIFT_STANDARD_LIBRARIES = YES;
				BUNDLE_LOADER = "$(TEST_HOST)";
				DEVELOPMENT_TEAM = E5KH6XGE5T;
				INFOPLIST_FILE = BenepickerTests/Info.plist;
				LD_RUNPATH_SEARCH_PATHS = "$(inherited) @executable_path/Frameworks @loader_path/Frameworks";
				PRODUCT_BUNDLE_IDENTIFIER = com.closer27.BenepickerTests;
				PRODUCT_NAME = "$(TARGET_NAME)";
				SWIFT_VERSION = 3.0;
				TEST_HOST = "$(BUILT_PRODUCTS_DIR)/Benepicker.app/Benepicker";
			};
			name = Debug;
		};
		4E86E8A61DD47DDF00A4A307 /* Release */ = {
			isa = XCBuildConfiguration;
			buildSettings = {
				ALWAYS_EMBED_SWIFT_STANDARD_LIBRARIES = YES;
				BUNDLE_LOADER = "$(TEST_HOST)";
				DEVELOPMENT_TEAM = E5KH6XGE5T;
				INFOPLIST_FILE = BenepickerTests/Info.plist;
				LD_RUNPATH_SEARCH_PATHS = "$(inherited) @executable_path/Frameworks @loader_path/Frameworks";
				PRODUCT_BUNDLE_IDENTIFIER = com.closer27.BenepickerTests;
				PRODUCT_NAME = "$(TARGET_NAME)";
				SWIFT_VERSION = 3.0;
				TEST_HOST = "$(BUILT_PRODUCTS_DIR)/Benepicker.app/Benepicker";
			};
			name = Release;
		};
		4E86E8A81DD47DDF00A4A307 /* Debug */ = {
			isa = XCBuildConfiguration;
			buildSettings = {
				ALWAYS_EMBED_SWIFT_STANDARD_LIBRARIES = YES;
				DEVELOPMENT_TEAM = E5KH6XGE5T;
				INFOPLIST_FILE = BenepickerUITests/Info.plist;
				LD_RUNPATH_SEARCH_PATHS = "$(inherited) @executable_path/Frameworks @loader_path/Frameworks";
				PRODUCT_BUNDLE_IDENTIFIER = com.closer27.BenepickerUITests;
				PRODUCT_NAME = "$(TARGET_NAME)";
				SWIFT_VERSION = 3.0;
				TEST_TARGET_NAME = Benepicker;
			};
			name = Debug;
		};
		4E86E8A91DD47DDF00A4A307 /* Release */ = {
			isa = XCBuildConfiguration;
			buildSettings = {
				ALWAYS_EMBED_SWIFT_STANDARD_LIBRARIES = YES;
				DEVELOPMENT_TEAM = E5KH6XGE5T;
				INFOPLIST_FILE = BenepickerUITests/Info.plist;
				LD_RUNPATH_SEARCH_PATHS = "$(inherited) @executable_path/Frameworks @loader_path/Frameworks";
				PRODUCT_BUNDLE_IDENTIFIER = com.closer27.BenepickerUITests;
				PRODUCT_NAME = "$(TARGET_NAME)";
				SWIFT_VERSION = 3.0;
				TEST_TARGET_NAME = Benepicker;
			};
			name = Release;
		};
/* End XCBuildConfiguration section */

/* Begin XCConfigurationList section */
		4E86E8711DD47DDF00A4A307 /* Build configuration list for PBXProject "Benepicker" */ = {
			isa = XCConfigurationList;
			buildConfigurations = (
				4E86E89F1DD47DDF00A4A307 /* Debug */,
				4E86E8A01DD47DDF00A4A307 /* Release */,
			);
			defaultConfigurationIsVisible = 0;
			defaultConfigurationName = Release;
		};
		4E86E8A11DD47DDF00A4A307 /* Build configuration list for PBXNativeTarget "Benepicker" */ = {
			isa = XCConfigurationList;
			buildConfigurations = (
				4E86E8A21DD47DDF00A4A307 /* Debug */,
				4E86E8A31DD47DDF00A4A307 /* Release */,
			);
			defaultConfigurationIsVisible = 0;
			defaultConfigurationName = Release;
		};
		4E86E8A41DD47DDF00A4A307 /* Build configuration list for PBXNativeTarget "BenepickerTests" */ = {
			isa = XCConfigurationList;
			buildConfigurations = (
				4E86E8A51DD47DDF00A4A307 /* Debug */,
				4E86E8A61DD47DDF00A4A307 /* Release */,
			);
			defaultConfigurationIsVisible = 0;
			defaultConfigurationName = Release;
		};
		4E86E8A71DD47DDF00A4A307 /* Build configuration list for PBXNativeTarget "BenepickerUITests" */ = {
			isa = XCConfigurationList;
			buildConfigurations = (
				4E86E8A81DD47DDF00A4A307 /* Debug */,
				4E86E8A91DD47DDF00A4A307 /* Release */,
			);
			defaultConfigurationIsVisible = 0;
			defaultConfigurationName = Release;
		};
/* End XCConfigurationList section */

/* Begin XCVersionGroup section */
		4E86E8801DD47DDF00A4A307 /* Benepicker.xcdatamodeld */ = {
			isa = XCVersionGroup;
			children = (
				4E86E8811DD47DDF00A4A307 /* Benepicker.xcdatamodel */,
			);
			currentVersion = 4E86E8811DD47DDF00A4A307 /* Benepicker.xcdatamodel */;
			path = Benepicker.xcdatamodeld;
			sourceTree = "<group>";
			versionGroupType = wrapper.xcdatamodel;
		};
/* End XCVersionGroup section */
	};
	rootObject = 4E86E86E1DD47DDF00A4A307 /* Project object */;
}
